
Microsoft Visual Studio Solution File, Format Version 12.00
# Visual Studio Version 17
VisualStudioVersion = 17.11.35303.130
MinimumVisualStudioVersion = 10.0.40219.1
Project("{FAE04EC0-301F-11D3-BF4B-00C04F79EFBC}") = "training", "training\training.csproj", "{F5C0CB19-E5AD-4C18-95E7-3680CF7A1890}"
EndProject
Project("{00D1A9C2-B5F0-4AF3-8072-F6C62B433612}") = "trainingDatabase", "trainingDatabase\trainingDatabase.sqlproj", "{4CDB467E-2C86-44C8-86DC-3B20E60B3EB5}"
EndProject
Global
	GlobalSection(SolutionConfigurationPlatforms) = preSolution
		Debug|Any CPU = Debug|Any CPU
		Release|Any CPU = Release|Any CPU
	EndGlobalSection
	GlobalSection(ProjectConfigurationPlatforms) = postSolution
		{F5C0CB19-E5AD-4C18-95E7-3680CF7A1890}.Debug|Any CPU.ActiveCfg = Debug|Any CPU
		{F5C0CB19-E5AD-4C18-95E7-3680CF7A1890}.Debug|Any CPU.Build.0 = Debug|Any CPU
		{F5C0CB19-E5AD-4C18-95E7-3680CF7A1890}.Release|Any CPU.ActiveCfg = Release|Any CPU
		{F5C0CB19-E5AD-4C18-95E7-3680CF7A1890}.Release|Any CPU.Build.0 = Release|Any CPU
		{4CDB467E-2C86-44C8-86DC-3B20E60B3EB5}.Debug|Any CPU.ActiveCfg = Debug|Any CPU
		{4CDB467E-2C86-44C8-86DC-3B20E60B3EB5}.Debug|Any CPU.Build.0 = Debug|Any CPU
		{4CDB467E-2C86-44C8-86DC-3B20E60B3EB5}.Debug|Any CPU.Deploy.0 = Debug|Any CPU
		{4CDB467E-2C86-44C8-86DC-3B20E60B3EB5}.Release|Any CPU.ActiveCfg = Release|Any CPU
		{4CDB467E-2C86-44C8-86DC-3B20E60B3EB5}.Release|Any CPU.Build.0 = Release|Any CPU
		{4CDB467E-2C86-44C8-86DC-3B20E60B3EB5}.Release|Any CPU.Deploy.0 = Release|Any CPU
	EndGlobalSection
	GlobalSection(SolutionProperties) = preSolution
		HideSolutionNode = FALSE
	EndGlobalSection
	GlobalSection(ExtensibilityGlobals) = postSolution
		SolutionGuid = {39FCB2E4-3275-4713-885A-688B9E9FC4D1}
	EndGlobalSection
EndGlobal
